
Microsoft Visual Studio Solution File, Format Version 12.00
# Visual Studio 15
VisualStudioVersion = 15.0.28307.168
MinimumVisualStudioVersion = 10.0.40219.1
Project("{FAE04EC0-301F-11D3-BF4B-00C04F79EFBC}") = "SideKickDemo1", "SideKickDemo1\SideKickDemo1.csproj", "{9FEB3719-98FC-4546-BD65-75B48E9D3828}"
EndProject
Global
	GlobalSection(SolutionConfigurationPlatforms) = preSolution
		Debug|Any CPU = Debug|Any CPU
		Release|Any CPU = Release|Any CPU
	EndGlobalSection
	GlobalSection(ProjectConfigurationPlatforms) = postSolution
		{9FEB3719-98FC-4546-BD65-75B48E9D3828}.Debug|Any CPU.ActiveCfg = Debug|Any CPU
		{9FEB3719-98FC-4546-BD65-75B48E9D3828}.Debug|Any CPU.Build.0 = Debug|Any CPU
		{9FEB3719-98FC-4546-BD65-75B48E9D3828}.Debug|Any CPU.Deploy.0 = Debug|Any CPU
		{9FEB3719-98FC-4546-BD65-75B48E9D3828}.Release|Any CPU.ActiveCfg = Release|Any CPU
		{9FEB3719-98FC-4546-BD65-75B48E9D3828}.Release|Any CPU.Build.0 = Release|Any CPU
		{9FEB3719-98FC-4546-BD65-75B48E9D3828}.Release|Any CPU.Deploy.0 = Release|Any CPU
	EndGlobalSection
	GlobalSection(SolutionProperties) = preSolution
		HideSolutionNode = FALSE
	EndGlobalSection
	GlobalSection(ExtensibilityGlobals) = postSolution
		SolutionGuid = {36B7970E-2693-45F7-B628-AFB6508F7733}
	EndGlobalSection
EndGlobal
